
Microsoft Visual Studio Solution File, Format Version 12.00
# Visual Studio 2013
VisualStudioVersion = 12.0.31101.0
MinimumVisualStudioVersion = 10.0.40219.1
Project("{FAE04EC0-301F-11D3-BF4B-00C04F79EFBC}") = "Conceptual", "Conceptual\Conceptual.csproj", "{2A14D7AB-0D23-470D-95E5-77080E649548}"
EndProject
Project("{FAE04EC0-301F-11D3-BF4B-00C04F79EFBC}") = "Conceptual.Tests", "Conceptual.Tests\Conceptual.Tests.csproj", "{AFAC0198-A085-455F-A03D-42E559FC4DD4}"
EndProject
Project("{FAE04EC0-301F-11D3-BF4B-00C04F79EFBC}") = "Test", "Test\Test.csproj", "{77E1A8B0-ACC4-48E8-ABCD-1E54D814C513}"
EndProject
Project("{2150E333-8FDC-42A3-9474-1A3956D46DE8}") = ".nuget", ".nuget", "{52597230-5832-4971-BACC-22C14F69CCE0}"
	ProjectSection(SolutionItems) = preProject
		.nuget\packages.config = .nuget\packages.config
	EndProjectSection
EndProject
Global
	GlobalSection(SolutionConfigurationPlatforms) = preSolution
		Debug|Any CPU = Debug|Any CPU
		Release|Any CPU = Release|Any CPU
	EndGlobalSection
	GlobalSection(ProjectConfigurationPlatforms) = postSolution
		{2A14D7AB-0D23-470D-95E5-77080E649548}.Debug|Any CPU.ActiveCfg = Debug|Any CPU
		{2A14D7AB-0D23-470D-95E5-77080E649548}.Debug|Any CPU.Build.0 = Debug|Any CPU
		{2A14D7AB-0D23-470D-95E5-77080E649548}.Release|Any CPU.ActiveCfg = Release|Any CPU
		{2A14D7AB-0D23-470D-95E5-77080E649548}.Release|Any CPU.Build.0 = Release|Any CPU
		{AFAC0198-A085-455F-A03D-42E559FC4DD4}.Debug|Any CPU.ActiveCfg = Debug|Any CPU
		{AFAC0198-A085-455F-A03D-42E559FC4DD4}.Debug|Any CPU.Build.0 = Debug|Any CPU
		{AFAC0198-A085-455F-A03D-42E559FC4DD4}.Release|Any CPU.ActiveCfg = Release|Any CPU
		{AFAC0198-A085-455F-A03D-42E559FC4DD4}.Release|Any CPU.Build.0 = Release|Any CPU
		{77E1A8B0-ACC4-48E8-ABCD-1E54D814C513}.Debug|Any CPU.ActiveCfg = Debug|Any CPU
		{77E1A8B0-ACC4-48E8-ABCD-1E54D814C513}.Debug|Any CPU.Build.0 = Debug|Any CPU
		{77E1A8B0-ACC4-48E8-ABCD-1E54D814C513}.Release|Any CPU.ActiveCfg = Release|Any CPU
		{77E1A8B0-ACC4-48E8-ABCD-1E54D814C513}.Release|Any CPU.Build.0 = Release|Any CPU
	EndGlobalSection
	GlobalSection(SolutionProperties) = preSolution
		HideSolutionNode = FALSE
	EndGlobalSection
EndGlobal
